// !$*UTF8*$!
{
	archiveVersion = 1;
	classes = {
	};
	objectVersion = 56;
	objects = {

/* Begin PBXBuildFile section */
		48F2B0B52A8B548100EFBE46 /* AppDelegate.swift in Sources */ = {isa = PBXBuildFile; fileRef = 48F2B0B42A8B548100EFBE46 /* AppDelegate.swift */; };
		48F2B0B72A8B548100EFBE46 /* SceneDelegate.swift in Sources */ = {isa = PBXBuildFile; fileRef = 48F2B0B62A8B548100EFBE46 /* SceneDelegate.swift */; };
		48F2B0B92A8B548100EFBE46 /* MainViewController.swift in Sources */ = {isa = PBXBuildFile; fileRef = 48F2B0B82A8B548100EFBE46 /* MainViewController.swift */; };
		48F2B0BC2A8B548100EFBE46 /* Main.storyboard in Resources */ = {isa = PBXBuildFile; fileRef = 48F2B0BA2A8B548100EFBE46 /* Main.storyboard */; };
		48F2B0BE2A8B548900EFBE46 /* Assets.xcassets in Resources */ = {isa = PBXBuildFile; fileRef = 48F2B0BD2A8B548900EFBE46 /* Assets.xcassets */; };
		48F2B0C12A8B548900EFBE46 /* LaunchScreen.storyboard in Resources */ = {isa = PBXBuildFile; fileRef = 48F2B0BF2A8B548900EFBE46 /* LaunchScreen.storyboard */; };
		48F2B0CC2A8B572A00EFBE46 /* Main_Delegate.swift in Sources */ = {isa = PBXBuildFile; fileRef = 48F2B0CB2A8B572A00EFBE46 /* Main_Delegate.swift */; };
		48F2B0CF2A8B57A100EFBE46 /* Extensions.swift in Sources */ = {isa = PBXBuildFile; fileRef = 48F2B0CE2A8B57A100EFBE46 /* Extensions.swift */; };
		48F2B0D12A8B594200EFBE46 /* Main_API_Related.swift in Sources */ = {isa = PBXBuildFile; fileRef = 48F2B0D02A8B594200EFBE46 /* Main_API_Related.swift */; };
		48F2B0D32A8B5D5E00EFBE46 /* RegionDataModel.swift in Sources */ = {isa = PBXBuildFile; fileRef = 48F2B0D22A8B5D5E00EFBE46 /* RegionDataModel.swift */; };
		48F2B0D62A8B63D600EFBE46 /* SubmittedVC.swift in Sources */ = {isa = PBXBuildFile; fileRef = 48F2B0D52A8B63D600EFBE46 /* SubmittedVC.swift */; };
		C370A71D6B55BE8F52E446A6 /* Pods_Sigfrid_Technical.framework in Frameworks */ = {isa = PBXBuildFile; fileRef = 9D59CCC047D6357B0969F1E6 /* Pods_Sigfrid_Technical.framework */; };
/* End PBXBuildFile section */

/* Begin PBXFileReference section */
		48F2B0B12A8B548100EFBE46 /* Sigfrid_Technical.app */ = {isa = PBXFileReference; explicitFileType = wrapper.application; includeInIndex = 0; path = Sigfrid_Technical.app; sourceTree = BUILT_PRODUCTS_DIR; };
		48F2B0B42A8B548100EFBE46 /* AppDelegate.swift */ = {isa = PBXFileReference; lastKnownFileType = sourcecode.swift; path = AppDelegate.swift; sourceTree = "<group>"; };
		48F2B0B62A8B548100EFBE46 /* SceneDelegate.swift */ = {isa = PBXFileReference; lastKnownFileType = sourcecode.swift; path = SceneDelegate.swift; sourceTree = "<group>"; };
		48F2B0B82A8B548100EFBE46 /* MainViewController.swift */ = {isa = PBXFileReference; lastKnownFileType = sourcecode.swift; path = MainViewController.swift; sourceTree = "<group>"; };
		48F2B0BB2A8B548100EFBE46 /* Base */ = {isa = PBXFileReference; lastKnownFileType = file.storyboard; name = Base; path = Base.lproj/Main.storyboard; sourceTree = "<group>"; };
		48F2B0BD2A8B548900EFBE46 /* Assets.xcassets */ = {isa = PBXFileReference; lastKnownFileType = folder.assetcatalog; path = Assets.xcassets; sourceTree = "<group>"; };
		48F2B0C02A8B548900EFBE46 /* Base */ = {isa = PBXFileReference; lastKnownFileType = file.storyboard; name = Base; path = Base.lproj/LaunchScreen.storyboard; sourceTree = "<group>"; };
		48F2B0C22A8B548900EFBE46 /* Info.plist */ = {isa = PBXFileReference; lastKnownFileType = text.plist.xml; path = Info.plist; sourceTree = "<group>"; };
		48F2B0CB2A8B572A00EFBE46 /* Main_Delegate.swift */ = {isa = PBXFileReference; lastKnownFileType = sourcecode.swift; path = Main_Delegate.swift; sourceTree = "<group>"; };
		48F2B0CE2A8B57A100EFBE46 /* Extensions.swift */ = {isa = PBXFileReference; lastKnownFileType = sourcecode.swift; path = Extensions.swift; sourceTree = "<group>"; };
		48F2B0D02A8B594200EFBE46 /* Main_API_Related.swift */ = {isa = PBXFileReference; lastKnownFileType = sourcecode.swift; path = Main_API_Related.swift; sourceTree = "<group>"; };
		48F2B0D22A8B5D5E00EFBE46 /* RegionDataModel.swift */ = {isa = PBXFileReference; lastKnownFileType = sourcecode.swift; path = RegionDataModel.swift; sourceTree = "<group>"; };
		48F2B0D52A8B63D600EFBE46 /* SubmittedVC.swift */ = {isa = PBXFileReference; lastKnownFileType = sourcecode.swift; path = SubmittedVC.swift; sourceTree = "<group>"; };
		48F2B0D72A8B77F300EFBE46 /* Sigfrid_Technical.entitlements */ = {isa = PBXFileReference; lastKnownFileType = text.plist.entitlements; path = Sigfrid_Technical.entitlements; sourceTree = "<group>"; };
		492A03B25FB17745405BE91F /* Pods-Sigfrid_Technical.debug.xcconfig */ = {isa = PBXFileReference; includeInIndex = 1; lastKnownFileType = text.xcconfig; name = "Pods-Sigfrid_Technical.debug.xcconfig"; path = "Target Support Files/Pods-Sigfrid_Technical/Pods-Sigfrid_Technical.debug.xcconfig"; sourceTree = "<group>"; };
		9D59CCC047D6357B0969F1E6 /* Pods_Sigfrid_Technical.framework */ = {isa = PBXFileReference; explicitFileType = wrapper.framework; includeInIndex = 0; path = Pods_Sigfrid_Technical.framework; sourceTree = BUILT_PRODUCTS_DIR; };
		C63DD6AF856F2B7AE0D52321 /* Pods-Sigfrid_Technical.release.xcconfig */ = {isa = PBXFileReference; includeInIndex = 1; lastKnownFileType = text.xcconfig; name = "Pods-Sigfrid_Technical.release.xcconfig"; path = "Target Support Files/Pods-Sigfrid_Technical/Pods-Sigfrid_Technical.release.xcconfig"; sourceTree = "<group>"; };
/* End PBXFileReference section */

/* Begin PBXFrameworksBuildPhase section */
		48F2B0AE2A8B548100EFBE46 /* Frameworks */ = {
			isa = PBXFrameworksBuildPhase;
			buildActionMask = 2147483647;
			files = (
				C370A71D6B55BE8F52E446A6 /* Pods_Sigfrid_Technical.framework in Frameworks */,
			);
			runOnlyForDeploymentPostprocessing = 0;
		};
/* End PBXFrameworksBuildPhase section */

/* Begin PBXGroup section */
		48F2B0A82A8B548100EFBE46 = {
			isa = PBXGroup;
			children = (
				48F2B0B32A8B548100EFBE46 /* Sigfrid_Technical */,
				48F2B0B22A8B548100EFBE46 /* Products */,
				A0C70FA3CBC28B289DAE07CF /* Pods */,
				CC31920D3628CCE6D21110FD /* Frameworks */,
			);
			sourceTree = "<group>";
		};
		48F2B0B22A8B548100EFBE46 /* Products */ = {
			isa = PBXGroup;
			children = (
				48F2B0B12A8B548100EFBE46 /* Sigfrid_Technical.app */,
			);
			name = Products;
			sourceTree = "<group>";
		};
		48F2B0B32A8B548100EFBE46 /* Sigfrid_Technical */ = {
			isa = PBXGroup;
			children = (
				48F2B0D72A8B77F300EFBE46 /* Sigfrid_Technical.entitlements */,
				48F2B0CD2A8B579300EFBE46 /* Components */,
				48F2B0C82A8B567800EFBE46 /* Controller */,
				48F2B0C92A8B569000EFBE46 /* Model */,
				48F2B0CA2A8B56A100EFBE46 /* View */,
				48F2B0BD2A8B548900EFBE46 /* Assets.xcassets */,
				48F2B0BF2A8B548900EFBE46 /* LaunchScreen.storyboard */,
				48F2B0B42A8B548100EFBE46 /* AppDelegate.swift */,
				48F2B0B62A8B548100EFBE46 /* SceneDelegate.swift */,
				48F2B0C22A8B548900EFBE46 /* Info.plist */,
			);
			path = Sigfrid_Technical;
			sourceTree = "<group>";
		};
		48F2B0C82A8B567800EFBE46 /* Controller */ = {
			isa = PBXGroup;
			children = (
				48F2B0D42A8B63C200EFBE46 /* Submitted */,
				48F2B0B82A8B548100EFBE46 /* MainViewController.swift */,
				48F2B0CB2A8B572A00EFBE46 /* Main_Delegate.swift */,
				48F2B0D02A8B594200EFBE46 /* Main_API_Related.swift */,
			);
			path = Controller;
			sourceTree = "<group>";
		};
		48F2B0C92A8B569000EFBE46 /* Model */ = {
			isa = PBXGroup;
			children = (
				48F2B0D22A8B5D5E00EFBE46 /* RegionDataModel.swift */,
			);
			path = Model;
			sourceTree = "<group>";
		};
		48F2B0CA2A8B56A100EFBE46 /* View */ = {
			isa = PBXGroup;
			children = (
				48F2B0BA2A8B548100EFBE46 /* Main.storyboard */,
			);
			path = View;
			sourceTree = "<group>";
		};
		48F2B0CD2A8B579300EFBE46 /* Components */ = {
			isa = PBXGroup;
			children = (
				48F2B0CE2A8B57A100EFBE46 /* Extensions.swift */,
			);
			path = Components;
			sourceTree = "<group>";
		};
		48F2B0D42A8B63C200EFBE46 /* Submitted */ = {
			isa = PBXGroup;
			children = (
				48F2B0D52A8B63D600EFBE46 /* SubmittedVC.swift */,
			);
			path = Submitted;
			sourceTree = "<group>";
		};
		A0C70FA3CBC28B289DAE07CF /* Pods */ = {
			isa = PBXGroup;
			children = (
				492A03B25FB17745405BE91F /* Pods-Sigfrid_Technical.debug.xcconfig */,
				C63DD6AF856F2B7AE0D52321 /* Pods-Sigfrid_Technical.release.xcconfig */,
			);
			path = Pods;
			sourceTree = "<group>";
		};
		CC31920D3628CCE6D21110FD /* Frameworks */ = {
			isa = PBXGroup;
			children = (
				9D59CCC047D6357B0969F1E6 /* Pods_Sigfrid_Technical.framework */,
			);
			name = Frameworks;
			sourceTree = "<group>";
		};
/* End PBXGroup section */

/* Begin PBXNativeTarget section */
		48F2B0B02A8B548100EFBE46 /* Sigfrid_Technical */ = {
			isa = PBXNativeTarget;
			buildConfigurationList = 48F2B0C52A8B548900EFBE46 /* Build configuration list for PBXNativeTarget "Sigfrid_Technical" */;
			buildPhases = (
				7DA43F648F54AC88E300BB83 /* [CP] Check Pods Manifest.lock */,
				48F2B0AD2A8B548100EFBE46 /* Sources */,
				48F2B0AE2A8B548100EFBE46 /* Frameworks */,
				48F2B0AF2A8B548100EFBE46 /* Resources */,
				C63BA9DFA1A099CB88DBEA8B /* [CP] Embed Pods Frameworks */,
			);
			buildRules = (
			);
			dependencies = (
			);
			name = Sigfrid_Technical;
			productName = Sigfrid_Technical;
			productReference = 48F2B0B12A8B548100EFBE46 /* Sigfrid_Technical.app */;
			productType = "com.apple.product-type.application";
		};
/* End PBXNativeTarget section */

/* Begin PBXProject section */
		48F2B0A92A8B548100EFBE46 /* Project object */ = {
			isa = PBXProject;
			attributes = {
				BuildIndependentTargetsInParallel = 1;
				LastSwiftUpdateCheck = 1430;
				LastUpgradeCheck = 1430;
				TargetAttributes = {
					48F2B0B02A8B548100EFBE46 = {
						CreatedOnToolsVersion = 14.3.1;
					};
				};
			};
			buildConfigurationList = 48F2B0AC2A8B548100EFBE46 /* Build configuration list for PBXProject "Sigfrid_Technical" */;
			compatibilityVersion = "Xcode 14.0";
			developmentRegion = en;
			hasScannedForEncodings = 0;
			knownRegions = (
				en,
				Base,
			);
			mainGroup = 48F2B0A82A8B548100EFBE46;
			productRefGroup = 48F2B0B22A8B548100EFBE46 /* Products */;
			projectDirPath = "";
			projectRoot = "";
			targets = (
				48F2B0B02A8B548100EFBE46 /* Sigfrid_Technical */,
			);
		};
/* End PBXProject section */

/* Begin PBXResourcesBuildPhase section */
		48F2B0AF2A8B548100EFBE46 /* Resources */ = {
			isa = PBXResourcesBuildPhase;
			buildActionMask = 2147483647;
			files = (
				48F2B0C12A8B548900EFBE46 /* LaunchScreen.storyboard in Resources */,
				48F2B0BE2A8B548900EFBE46 /* Assets.xcassets in Resources */,
				48F2B0BC2A8B548100EFBE46 /* Main.storyboard in Resources */,
			);
			runOnlyForDeploymentPostprocessing = 0;
		};
/* End PBXResourcesBuildPhase section */

/* Begin PBXShellScriptBuildPhase section */
		7DA43F648F54AC88E300BB83 /* [CP] Check Pods Manifest.lock */ = {
			isa = PBXShellScriptBuildPhase;
			buildActionMask = 2147483647;
			files = (
			);
			inputFileListPaths = (
			);
			inputPaths = (
				"${PODS_PODFILE_DIR_PATH}/Podfile.lock",
				"${PODS_ROOT}/Manifest.lock",
			);
			name = "[CP] Check Pods Manifest.lock";
			outputFileListPaths = (
			);
			outputPaths = (
				"$(DERIVED_FILE_DIR)/Pods-Sigfrid_Technical-checkManifestLockResult.txt",
			);
			runOnlyForDeploymentPostprocessing = 0;
			shellPath = /bin/sh;
			shellScript = "diff \"${PODS_PODFILE_DIR_PATH}/Podfile.lock\" \"${PODS_ROOT}/Manifest.lock\" > /dev/null\nif [ $? != 0 ] ; then\n    # print error to STDERR\n    echo \"error: The sandbox is not in sync with the Podfile.lock. Run 'pod install' or update your CocoaPods installation.\" >&2\n    exit 1\nfi\n# This output is used by Xcode 'outputs' to avoid re-running this script phase.\necho \"SUCCESS\" > \"${SCRIPT_OUTPUT_FILE_0}\"\n";
			showEnvVarsInLog = 0;
		};
		C63BA9DFA1A099CB88DBEA8B /* [CP] Embed Pods Frameworks */ = {
			isa = PBXShellScriptBuildPhase;
			buildActionMask = 2147483647;
			files = (
			);
			inputFileListPaths = (
				"${PODS_ROOT}/Target Support Files/Pods-Sigfrid_Technical/Pods-Sigfrid_Technical-frameworks-${CONFIGURATION}-input-files.xcfilelist",
			);
			name = "[CP] Embed Pods Frameworks";
			outputFileListPaths = (
				"${PODS_ROOT}/Target Support Files/Pods-Sigfrid_Technical/Pods-Sigfrid_Technical-frameworks-${CONFIGURATION}-output-files.xcfilelist",
			);
			runOnlyForDeploymentPostprocessing = 0;
			shellPath = /bin/sh;
			shellScript = "\"${PODS_ROOT}/Target Support Files/Pods-Sigfrid_Technical/Pods-Sigfrid_Technical-frameworks.sh\"\n";
			showEnvVarsInLog = 0;
		};
/* End PBXShellScriptBuildPhase section */

/* Begin PBXSourcesBuildPhase section */
		48F2B0AD2A8B548100EFBE46 /* Sources */ = {
			isa = PBXSourcesBuildPhase;
			buildActionMask = 2147483647;
			files = (
				48F2B0CF2A8B57A100EFBE46 /* Extensions.swift in Sources */,
				48F2B0B92A8B548100EFBE46 /* MainViewController.swift in Sources */,
				48F2B0CC2A8B572A00EFBE46 /* Main_Delegate.swift in Sources */,
				48F2B0B52A8B548100EFBE46 /* AppDelegate.swift in Sources */,
				48F2B0B72A8B548100EFBE46 /* SceneDelegate.swift in Sources */,
				48F2B0D32A8B5D5E00EFBE46 /* RegionDataModel.swift in Sources */,
				48F2B0D62A8B63D600EFBE46 /* SubmittedVC.swift in Sources */,
				48F2B0D12A8B594200EFBE46 /* Main_API_Related.swift in Sources */,
			);
			runOnlyForDeploymentPostprocessing = 0;
		};
/* End PBXSourcesBuildPhase section */

/* Begin PBXVariantGroup section */
		48F2B0BA2A8B548100EFBE46 /* Main.storyboard */ = {
			isa = PBXVariantGroup;
			children = (
				48F2B0BB2A8B548100EFBE46 /* Base */,
			);
			name = Main.storyboard;
			sourceTree = "<group>";
		};
		48F2B0BF2A8B548900EFBE46 /* LaunchScreen.storyboard */ = {
			isa = PBXVariantGroup;
			children = (
				48F2B0C02A8B548900EFBE46 /* Base */,
			);
			name = LaunchScreen.storyboard;
			sourceTree = "<group>";
		};
/* End PBXVariantGroup section */

/* Begin XCBuildConfiguration section */
		48F2B0C32A8B548900EFBE46 /* Debug */ = {
			isa = XCBuildConfiguration;
			buildSettings = {
				ALWAYS_SEARCH_USER_PATHS = NO;
				CLANG_ANALYZER_NONNULL = YES;
				CLANG_ANALYZER_NUMBER_OBJECT_CONVERSION = YES_AGGRESSIVE;
				CLANG_CXX_LANGUAGE_STANDARD = "gnu++20";
				CLANG_ENABLE_MODULES = YES;
				CLANG_ENABLE_OBJC_ARC = YES;
				CLANG_ENABLE_OBJC_WEAK = YES;
				CLANG_WARN_BLOCK_CAPTURE_AUTORELEASING = YES;
				CLANG_WARN_BOOL_CONVERSION = YES;
				CLANG_WARN_COMMA = YES;
				CLANG_WARN_CONSTANT_CONVERSION = YES;
				CLANG_WARN_DEPRECATED_OBJC_IMPLEMENTATIONS = YES;
				CLANG_WARN_DIRECT_OBJC_ISA_USAGE = YES_ERROR;
				CLANG_WARN_DOCUMENTATION_COMMENTS = YES;
				CLANG_WARN_EMPTY_BODY = YES;
				CLANG_WARN_ENUM_CONVERSION = YES;
				CLANG_WARN_INFINITE_RECURSION = YES;
				CLANG_WARN_INT_CONVERSION = YES;
				CLANG_WARN_NON_LITERAL_NULL_CONVERSION = YES;
				CLANG_WARN_OBJC_IMPLICIT_RETAIN_SELF = YES;
				CLANG_WARN_OBJC_LITERAL_CONVERSION = YES;
				CLANG_WARN_OBJC_ROOT_CLASS = YES_ERROR;
				CLANG_WARN_QUOTED_INCLUDE_IN_FRAMEWORK_HEADER = YES;
				CLANG_WARN_RANGE_LOOP_ANALYSIS = YES;
				CLANG_WARN_STRICT_PROTOTYPES = YES;
				CLANG_WARN_SUSPICIOUS_MOVE = YES;
				CLANG_WARN_UNGUARDED_AVAILABILITY = YES_AGGRESSIVE;
				CLANG_WARN_UNREACHABLE_CODE = YES;
				CLANG_WARN__DUPLICATE_METHOD_MATCH = YES;
				COPY_PHASE_STRIP = NO;
				DEBUG_INFORMATION_FORMAT = dwarf;
				ENABLE_STRICT_OBJC_MSGSEND = YES;
				ENABLE_TESTABILITY = YES;
				GCC_C_LANGUAGE_STANDARD = gnu11;
				GCC_DYNAMIC_NO_PIC = NO;
				GCC_NO_COMMON_BLOCKS = YES;
				GCC_OPTIMIZATION_LEVEL = 0;
				GCC_PREPROCESSOR_DEFINITIONS = (
					"DEBUG=1",
					"$(inherited)",
				);
				GCC_WARN_64_TO_32_BIT_CONVERSION = YES;
				GCC_WARN_ABOUT_RETURN_TYPE = YES_ERROR;
				GCC_WARN_UNDECLARED_SELECTOR = YES;
				GCC_WARN_UNINITIALIZED_AUTOS = YES_AGGRESSIVE;
				GCC_WARN_UNUSED_FUNCTION = YES;
				GCC_WARN_UNUSED_VARIABLE = YES;
				IPHONEOS_DEPLOYMENT_TARGET = 16.4;
				MTL_ENABLE_DEBUG_INFO = INCLUDE_SOURCE;
				MTL_FAST_MATH = YES;
				ONLY_ACTIVE_ARCH = YES;
				SDKROOT = iphoneos;
				SWIFT_ACTIVE_COMPILATION_CONDITIONS = DEBUG;
				SWIFT_OPTIMIZATION_LEVEL = "-Onone";
			};
			name = Debug;
		};
		48F2B0C42A8B548900EFBE46 /* Release */ = {
			isa = XCBuildConfiguration;
			buildSettings = {
				ALWAYS_SEARCH_USER_PATHS = NO;
				CLANG_ANALYZER_NONNULL = YES;
				CLANG_ANALYZER_NUMBER_OBJECT_CONVERSION = YES_AGGRESSIVE;
				CLANG_CXX_LANGUAGE_STANDARD = "gnu++20";
				CLANG_ENABLE_MODULES = YES;
				CLANG_ENABLE_OBJC_ARC = YES;
				CLANG_ENABLE_OBJC_WEAK = YES;
				CLANG_WARN_BLOCK_CAPTURE_AUTORELEASING = YES;
				CLANG_WARN_BOOL_CONVERSION = YES;
				CLANG_WARN_COMMA = YES;
				CLANG_WARN_CONSTANT_CONVERSION = YES;
				CLANG_WARN_DEPRECATED_OBJC_IMPLEMENTATIONS = YES;
				CLANG_WARN_DIRECT_OBJC_ISA_USAGE = YES_ERROR;
				CLANG_WARN_DOCUMENTATION_COMMENTS = YES;
				CLANG_WARN_EMPTY_BODY = YES;
				CLANG_WARN_ENUM_CONVERSION = YES;
				CLANG_WARN_INFINITE_RECURSION = YES;
				CLANG_WARN_INT_CONVERSION = YES;
				CLANG_WARN_NON_LITERAL_NULL_CONVERSION = YES;
				CLANG_WARN_OBJC_IMPLICIT_RETAIN_SELF = YES;
				CLANG_WARN_OBJC_LITERAL_CONVERSION = YES;
				CLANG_WARN_OBJC_ROOT_CLASS = YES_ERROR;
				CLANG_WARN_QUOTED_INCLUDE_IN_FRAMEWORK_HEADER = YES;
				CLANG_WARN_RANGE_LOOP_ANALYSIS = YES;
				CLANG_WARN_STRICT_PROTOTYPES = YES;
				CLANG_WARN_SUSPICIOUS_MOVE = YES;
				CLANG_WARN_UNGUARDED_AVAILABILITY = YES_AGGRESSIVE;
				CLANG_WARN_UNREACHABLE_CODE = YES;
				CLANG_WARN__DUPLICATE_METHOD_MATCH = YES;
				COPY_PHASE_STRIP = NO;
				DEBUG_INFORMATION_FORMAT = "dwarf-with-dsym";
				ENABLE_NS_ASSERTIONS = NO;
				ENABLE_STRICT_OBJC_MSGSEND = YES;
				GCC_C_LANGUAGE_STANDARD = gnu11;
				GCC_NO_COMMON_BLOCKS = YES;
				GCC_WARN_64_TO_32_BIT_CONVERSION = YES;
				GCC_WARN_ABOUT_RETURN_TYPE = YES_ERROR;
				GCC_WARN_UNDECLARED_SELECTOR = YES;
				GCC_WARN_UNINITIALIZED_AUTOS = YES_AGGRESSIVE;
				GCC_WARN_UNUSED_FUNCTION = YES;
				GCC_WARN_UNUSED_VARIABLE = YES;
				IPHONEOS_DEPLOYMENT_TARGET = 16.4;
				MTL_ENABLE_DEBUG_INFO = NO;
				MTL_FAST_MATH = YES;
				SDKROOT = iphoneos;
				SWIFT_COMPILATION_MODE = wholemodule;
				SWIFT_OPTIMIZATION_LEVEL = "-O";
				VALIDATE_PRODUCT = YES;
			};
			name = Release;
		};
		48F2B0C62A8B548900EFBE46 /* Debug */ = {
			isa = XCBuildConfiguration;
			baseConfigurationReference = 492A03B25FB17745405BE91F /* Pods-Sigfrid_Technical.debug.xcconfig */;
			buildSettings = {
				ASSETCATALOG_COMPILER_APPICON_NAME = AppIcon;
				ASSETCATALOG_COMPILER_GLOBAL_ACCENT_COLOR_NAME = AccentColor;
				CODE_SIGN_ENTITLEMENTS = Sigfrid_Technical/Sigfrid_Technical.entitlements;
				CODE_SIGN_STYLE = Automatic;
				CURRENT_PROJECT_VERSION = 1;
				DEVELOPMENT_TEAM = 6PDG2VXDZ5;
				"EXCLUDED_ARCHS[sdk=iphonesimulator*]" = arm64;
				GENERATE_INFOPLIST_FILE = YES;
				INFOPLIST_FILE = Sigfrid_Technical/Info.plist;
				INFOPLIST_KEY_UIApplicationSupportsIndirectInputEvents = YES;
				INFOPLIST_KEY_UILaunchStoryboardName = LaunchScreen;
				INFOPLIST_KEY_UIMainStoryboardFile = Main;
				INFOPLIST_KEY_UISupportedInterfaceOrientations_iPad = "UIInterfaceOrientationPortrait UIInterfaceOrientationPortraitUpsideDown UIInterfaceOrientationLandscapeLeft UIInterfaceOrientationLandscapeRight";
				INFOPLIST_KEY_UISupportedInterfaceOrientations_iPhone = "UIInterfaceOrientationPortrait UIInterfaceOrientationLandscapeLeft UIInterfaceOrientationLandscapeRight";
				LD_RUNPATH_SEARCH_PATHS = (
					"$(inherited)",
					"@executable_path/Frameworks",
				);
				MARKETING_VERSION = 1.0;
				PRODUCT_BUNDLE_IDENTIFIER = "com.goodapps.SigfridTech.Sigfrid-Technical";
				PRODUCT_NAME = "$(TARGET_NAME)";
				SUPPORTED_PLATFORMS = "iphoneos iphonesimulator";
				SUPPORTS_MACCATALYST = NO;
				SUPPORTS_MAC_DESIGNED_FOR_IPHONE_IPAD = NO;
				SWIFT_EMIT_LOC_STRINGS = YES;
				SWIFT_VERSION = 5.0;
				TARGETED_DEVICE_FAMILY = 1;
			};
			name = Debug;
		};
		48F2B0C72A8B548900EFBE46 /* Release */ = {
			isa = XCBuildConfiguration;
			baseConfigurationReference = C63DD6AF856F2B7AE0D52321 /* Pods-Sigfrid_Technical.release.xcconfig */;
			buildSettings = {
				ASSETCATALOG_COMPILER_APPICON_NAME = AppIcon;
				ASSETCATALOG_COMPILER_GLOBAL_ACCENT_COLOR_NAME = AccentColor;
				CODE_SIGN_ENTITLEMENTS = Sigfrid_Technical/Sigfrid_Technical.entitlements;
				CODE_SIGN_STYLE = Automatic;
				CURRENT_PROJECT_VERSION = 1;
				DEVELOPMENT_TEAM = 6PDG2VXDZ5;
				GENERATE_INFOPLIST_FILE = YES;
				INFOPLIST_FILE = Sigfrid_Technical/Info.plist;
				INFOPLIST_KEY_UIApplicationSupportsIndirectInputEvents = YES;
				INFOPLIST_KEY_UILaunchStoryboardName = LaunchScreen;
				INFOPLIST_KEY_UIMainStoryboardFile = Main;
				INFOPLIST_KEY_UISupportedInterfaceOrientations_iPad = "UIInterfaceOrientationPortrait UIInterfaceOrientationPortraitUpsideDown UIInterfaceOrientationLandscapeLeft UIInterfaceOrientationLandscapeRight";
				INFOPLIST_KEY_UISupportedInterfaceOrientations_iPhone = "UIInterfaceOrientationPortrait UIInterfaceOrientationLandscapeLeft UIInterfaceOrientationLandscapeRight";
				LD_RUNPATH_SEARCH_PATHS = (
					"$(inherited)",
					"@executable_path/Frameworks",
				);
				MARKETING_VERSION = 1.0;
				PRODUCT_BUNDLE_IDENTIFIER = "com.goodapps.SigfridTech.Sigfrid-Technical";
				PRODUCT_NAME = "$(TARGET_NAME)";
				SUPPORTED_PLATFORMS = "iphoneos iphonesimulator";
				SUPPORTS_MACCATALYST = NO;
				SUPPORTS_MAC_DESIGNED_FOR_IPHONE_IPAD = NO;
				SWIFT_EMIT_LOC_STRINGS = YES;
				SWIFT_VERSION = 5.0;
				TARGETED_DEVICE_FAMILY = 1;
			};
			name = Release;
		};
/* End XCBuildConfiguration section */

/* Begin XCConfigurationList section */
		48F2B0AC2A8B548100EFBE46 /* Build configuration list for PBXProject "Sigfrid_Technical" */ = {
			isa = XCConfigurationList;
			buildConfigurations = (
				48F2B0C32A8B548900EFBE46 /* Debug */,
				48F2B0C42A8B548900EFBE46 /* Release */,
			);
			defaultConfigurationIsVisible = 0;
			defaultConfigurationName = Release;
		};
		48F2B0C52A8B548900EFBE46 /* Build configuration list for PBXNativeTarget "Sigfrid_Technical" */ = {
			isa = XCConfigurationList;
			buildConfigurations = (
				48F2B0C62A8B548900EFBE46 /* Debug */,
				48F2B0C72A8B548900EFBE46 /* Release */,
			);
			defaultConfigurationIsVisible = 0;
			defaultConfigurationName = Release;
		};
/* End XCConfigurationList section */
	};
	rootObject = 48F2B0A92A8B548100EFBE46 /* Project object */;
}
